lockfileVersion: '9.0'

settings:
  autoInstallPeers: true
  excludeLinksFromLockfile: false

importers:

  .:
    devDependencies:
      '@biomejs/biome':
        specifier: 2.2.2
        version: 2.2.2
      json2md:
        specifier: ^2.0.3
        version: 2.0.3
      showdown:
        specifier: ^2.1.0
        version: 2.1.0

packages:

  '@biomejs/biome@2.2.2':
    resolution: {integrity: sha512-j1omAiQWCkhuLgwpMKisNKnsM6W8Xtt1l0WZmqY/dFj8QPNkIoTvk4tSsi40FaAAkBE1PU0AFG2RWFBWenAn+w==}
    engines: {node: '>=14.21.3'}
    hasBin: true

  '@biomejs/cli-darwin-arm64@2.2.2':
    resolution: {integrity: sha512-6ePfbCeCPryWu0CXlzsWNZgVz/kBEvHiPyNpmViSt6A2eoDf4kXs3YnwQPzGjy8oBgQulrHcLnJL0nkCh80mlQ==}
    engines: {node: '>=14.21.3'}
    cpu: [arm64]
    os: [darwin]

  '@biomejs/cli-darwin-x64@2.2.2':
    resolution: {integrity: sha512-Tn4JmVO+rXsbRslml7FvKaNrlgUeJot++FkvYIhl1OkslVCofAtS35MPlBMhXgKWF9RNr9cwHanrPTUUXcYGag==}
    engines: {node: '>=14.21.3'}
    cpu: [x64]
    os: [darwin]

  '@biomejs/cli-linux-arm64-musl@2.2.2':
    resolution: {integrity: sha512-/MhYg+Bd6renn6i1ylGFL5snYUn/Ct7zoGVKhxnro3bwekiZYE8Kl39BSb0MeuqM+72sThkQv4TnNubU9njQRw==}
    engines: {node: '>=14.21.3'}
    cpu: [arm64]
    os: [linux]

  '@biomejs/cli-linux-arm64@2.2.2':
    resolution: {integrity: sha512-JfrK3gdmWWTh2J5tq/rcWCOsImVyzUnOS2fkjhiYKCQ+v8PqM+du5cfB7G1kXas+7KQeKSWALv18iQqdtIMvzw==}
    engines: {node: '>=14.21.3'}
    cpu: [arm64]
    os: [linux]

  '@biomejs/cli-linux-x64-musl@2.2.2':
    resolution: {integrity: sha512-ZCLXcZvjZKSiRY/cFANKg+z6Fhsf9MHOzj+NrDQcM+LbqYRT97LyCLWy2AS+W2vP+i89RyRM+kbGpUzbRTYWig==}
    engines: {node: '>=14.21.3'}
    cpu: [x64]
    os: [linux]

  '@biomejs/cli-linux-x64@2.2.2':
    resolution: {integrity: sha512-Ogb+77edO5LEP/xbNicACOWVLt8mgC+E1wmpUakr+O4nKwLt9vXe74YNuT3T1dUBxC/SnrVmlzZFC7kQJEfquQ==}
    engines: {node: '>=14.21.3'}
    cpu: [x64]
    os: [linux]

  '@biomejs/cli-win32-arm64@2.2.2':
    resolution: {integrity: sha512-wBe2wItayw1zvtXysmHJQoQqXlTzHSpQRyPpJKiNIR21HzH/CrZRDFic1C1jDdp+zAPtqhNExa0owKMbNwW9cQ==}
    engines: {node: '>=14.21.3'}
    cpu: [arm64]
    os: [win32]

  '@biomejs/cli-win32-x64@2.2.2':
    resolution: {integrity: sha512-DAuHhHekGfiGb6lCcsT4UyxQmVwQiBCBUMwVra/dcOSs9q8OhfaZgey51MlekT3p8UwRqtXQfFuEJBhJNdLZwg==}
    engines: {node: '>=14.21.3'}
    cpu: [x64]
    os: [win32]

  commander@9.5.0:
    resolution: {integrity: sha512-KRs7WVDKg86PWiuAqhDrAQnTXZKraVcCc6vFdL14qrZ/DcWwuRo7VoiYXalXO7S5GKpqYiVEwCbgFDfxNHKJBQ==}
    engines: {node: ^12.20.0 || >=14}

  indento@1.1.14:
    resolution: {integrity: sha512-K4cK97v4M/ucCAbe3LUpg994folYL0WnEiCFxHXAIowKLbBb/Ahiazkz3Ao5gRar4i9pDr3imcpq4suOu0FbNw==}

  json2md@2.0.3:
    resolution: {integrity: sha512-ZPzh6Djvqz8grJMxKllfCHo0p+p7BsbZ1J95KcCJgvvfdoy7myuKrrkUp80Kpy+wGauykC0dYljLqLY0kENaOw==}

  showdown@2.1.0:
    resolution: {integrity: sha512-/6NVYu4U819R2pUIk79n67SYgJHWCce0a5xTP979WbNp0FL9MN1I1QK662IDU1b6JzKTvmhgI7T7JYIxBi3kMQ==}
    hasBin: true

snapshots:

  '@biomejs/biome@2.2.2':
    optionalDependencies:
      '@biomejs/cli-darwin-arm64': 2.2.2
      '@biomejs/cli-darwin-x64': 2.2.2
      '@biomejs/cli-linux-arm64': 2.2.2
      '@biomejs/cli-linux-arm64-musl': 2.2.2
      '@biomejs/cli-linux-x64': 2.2.2
      '@biomejs/cli-linux-x64-musl': 2.2.2
      '@biomejs/cli-win32-arm64': 2.2.2
      '@biomejs/cli-win32-x64': 2.2.2

  '@biomejs/cli-darwin-arm64@2.2.2':
    optional: true

  '@biomejs/cli-darwin-x64@2.2.2':
    optional: true

  '@biomejs/cli-linux-arm64-musl@2.2.2':
    optional: true

  '@biomejs/cli-linux-arm64@2.2.2':
    optional: true

  '@biomejs/cli-linux-x64-musl@2.2.2':
    optional: true

  '@biomejs/cli-linux-x64@2.2.2':
    optional: true

  '@biomejs/cli-win32-arm64@2.2.2':
    optional: true

  '@biomejs/cli-win32-x64@2.2.2':
    optional: true

  commander@9.5.0: {}

  indento@1.1.14: {}

  json2md@2.0.3:
    dependencies:
      indento: 1.1.14

  showdown@2.1.0:
    dependencies:
      commander: 9.5.0
