# THIS IS AN AUTOGENERATED FILE. DO NOT EDIT THIS FILE DIRECTLY.
# yarn lockfile v1


indento@^1.1.7:
  version "1.1.11"
  resolved "https://registry.yarnpkg.com/indento/-/indento-1.1.11.tgz#dd5cb7516b345c3a2d8085fef30b4cf37c261a31"

"json2md@https://github.com/IvanWei/json2md.git":
  version "1.6.1"
  resolved "https://github.com/IvanWei/json2md.git#37273a3fc8ba0c20a1e332d99856846769e3d5c6"
  dependencies:
    indento "^1.1.7"
