# THIS IS AN AUTOGENERATED FILE. DO NOT EDIT THIS FILE DIRECTLY.
# yarn lockfile v1


indento@^1.1.7:
  version "1.1.12"
  resolved "https://registry.yarnpkg.com/indento/-/indento-1.1.12.tgz#e95942e88e528655df33f129b6826019a1a221fd"
  integrity sha512-hWlFlRL6dd06MU5SsOZZ6kzO7t/7ZjcxWh1Yf/MjGtyKQMC8SPS5GbZ2XqMBGaGn+HM2QQawYxSLtS7Zv0w0BQ==

"json2md@https://github.com/IvanWei/json2md.git":
  version "1.6.1"
  resolved "https://github.com/IvanWei/json2md.git#37273a3fc8ba0c20a1e332d99856846769e3d5c6"
  dependencies:
    indento "^1.1.7"
